
Microsoft Visual Studio Solution File, Format Version 12.00
# Visual Studio 15
Project("{FAE04EC0-301F-11D3-BF4B-00C04F79EFBC}") = "Assembly-CSharp", "Assembly-CSharp.csproj", "{9E26E09B-1AEA-3D5E-809F-A6D1F0AB1753}"
EndProject
Project("{FAE04EC0-301F-11D3-BF4B-00C04F79EFBC}") = "Assembly-CSharp-Editor", "Assembly-CSharp-Editor.csproj", "{94F537B9-45FC-E720-F3CD-47D8F4A359E3}"
EndProject
Global
	GlobalSection(SolutionConfigurationPlatforms) = preSolution
		Debug|Any CPU = Debug|Any CPU
		Release|Any CPU = Release|Any CPU
	EndGlobalSection
	GlobalSection(ProjectConfigurationPlatforms) = postSolution
		{9E26E09B-1AEA-3D5E-809F-A6D1F0AB1753}.Debug|Any CPU.ActiveCfg = Debug|Any CPU
		{9E26E09B-1AEA-3D5E-809F-A6D1F0AB1753}.Debug|Any CPU.Build.0 = Debug|Any CPU
		{9E26E09B-1AEA-3D5E-809F-A6D1F0AB1753}.Release|Any CPU.ActiveCfg = Release|Any CPU
		{9E26E09B-1AEA-3D5E-809F-A6D1F0AB1753}.Release|Any CPU.Build.0 = Release|Any CPU
		{94F537B9-45FC-E720-F3CD-47D8F4A359E3}.Debug|Any CPU.ActiveCfg = Debug|Any CPU
		{94F537B9-45FC-E720-F3CD-47D8F4A359E3}.Debug|Any CPU.Build.0 = Debug|Any CPU
		{94F537B9-45FC-E720-F3CD-47D8F4A359E3}.Release|Any CPU.ActiveCfg = Release|Any CPU
		{94F537B9-45FC-E720-F3CD-47D8F4A359E3}.Release|Any CPU.Build.0 = Release|Any CPU
	EndGlobalSection
	GlobalSection(SolutionProperties) = preSolution
		HideSolutionNode = FALSE
	EndGlobalSection
EndGlobal
