
Microsoft Visual Studio Solution File, Format Version 11.00
# Visual Studio 2010
Project("{FAE04EC0-301F-11D3-BF4B-00C04F79EFBC}") = "Assembly-CSharp", "Assembly-CSharp.csproj", "{0BD0456E-6293-9CE9-5D79-4019CDB08257}"
EndProject
Project("{FAE04EC0-301F-11D3-BF4B-00C04F79EFBC}") = "Assembly-CSharp-Editor", "Assembly-CSharp-Editor.csproj", "{256562C7-6638-E4DF-73F7-74BF86B6C661}"
EndProject
Global
	GlobalSection(SolutionConfigurationPlatforms) = preSolution
		Debug|Any CPU = Debug|Any CPU
		Release|Any CPU = Release|Any CPU
	EndGlobalSection
	GlobalSection(ProjectConfigurationPlatforms) = postSolution
		{0BD0456E-6293-9CE9-5D79-4019CDB08257}.Debug|Any CPU.ActiveCfg = Debug|Any CPU
		{0BD0456E-6293-9CE9-5D79-4019CDB08257}.Debug|Any CPU.Build.0 = Debug|Any CPU
		{0BD0456E-6293-9CE9-5D79-4019CDB08257}.Release|Any CPU.ActiveCfg = Release|Any CPU
		{0BD0456E-6293-9CE9-5D79-4019CDB08257}.Release|Any CPU.Build.0 = Release|Any CPU
		{256562C7-6638-E4DF-73F7-74BF86B6C661}.Debug|Any CPU.ActiveCfg = Debug|Any CPU
		{256562C7-6638-E4DF-73F7-74BF86B6C661}.Debug|Any CPU.Build.0 = Debug|Any CPU
		{256562C7-6638-E4DF-73F7-74BF86B6C661}.Release|Any CPU.ActiveCfg = Release|Any CPU
		{256562C7-6638-E4DF-73F7-74BF86B6C661}.Release|Any CPU.Build.0 = Release|Any CPU
	EndGlobalSection
	GlobalSection(SolutionProperties) = preSolution
		HideSolutionNode = FALSE
	EndGlobalSection
	GlobalSection(MonoDevelopProperties) = preSolution
		StartupItem = Assembly-CSharp.csproj
	EndGlobalSection
EndGlobal
